
Microsoft Visual Studio Solution File, Format Version 12.00
# Visual Studio 15
VisualStudioVersion = 15.0.27130.2026
MinimumVisualStudioVersion = 10.0.40219.1
Project("{2150E333-8FDC-42A3-9474-1A3956D46DE8}") = "BLL", "BLL", "{6C2B3CC8-2BCF-42AB-80FC-3397AFFA5C25}"
EndProject
Project("{2150E333-8FDC-42A3-9474-1A3956D46DE8}") = "DAL", "DAL", "{8E8A4AC7-070E-44CE-BCD0-05C35E638355}"
EndProject
Project("{FAE04EC0-301F-11D3-BF4B-00C04F79EFBC}") = "BLL", "BLL\BLL.csproj", "{29C2A7E6-D29F-4734-B1B4-C8DB857AB9F5}"
EndProject
Project("{FAE04EC0-301F-11D3-BF4B-00C04F79EFBC}") = "IBLL", "IBLL\IBLL.csproj", "{03AD3937-E237-4C0E-88B2-D86B978CBAB2}"
EndProject
Project("{FAE04EC0-301F-11D3-BF4B-00C04F79EFBC}") = "IDAL", "IDAL\IDAL.csproj", "{2523FD90-07E0-4B52-81EF-211288CF07EF}"
EndProject
Project("{FAE04EC0-301F-11D3-BF4B-00C04F79EFBC}") = "DAL", "DAL\DAL.csproj", "{C50ED6F1-EA52-4546-B761-A95143757221}"
EndProject
Project("{FAE04EC0-301F-11D3-BF4B-00C04F79EFBC}") = "DALFactory", "DALFactory\DALFactory.csproj", "{ABC8D10E-ED82-41C0-B560-603CC9DC5AF6}"
EndProject
Project("{FAE04EC0-301F-11D3-BF4B-00C04F79EFBC}") = "Common", "Common\Common.csproj", "{53C612BD-B7C0-45CC-80C7-44E08C0949F0}"
EndProject
Project("{FAE04EC0-301F-11D3-BF4B-00C04F79EFBC}") = "Model", "Model\Model.csproj", "{308A319A-FE1A-414E-9368-87124B872170}"
EndProject
Project("{FAE04EC0-301F-11D3-BF4B-00C04F79EFBC}") = "WebUI", "WebUI\WebUI.csproj", "{B7831202-E7F7-4B53-856C-9A8E60B1DD9E}"
EndProject
Project("{FAE04EC0-301F-11D3-BF4B-00C04F79EFBC}") = "WebUIMVC", "WebUIMVC\WebUIMVC.csproj", "{B2F3E3E8-AC66-4C81-B264-65BE48F49D58}"
EndProject
Global
	GlobalSection(SolutionConfigurationPlatforms) = preSolution
		Debug|Any CPU = Debug|Any CPU
		Release|Any CPU = Release|Any CPU
	EndGlobalSection
	GlobalSection(ProjectConfigurationPlatforms) = postSolution
		{29C2A7E6-D29F-4734-B1B4-C8DB857AB9F5}.Debug|Any CPU.ActiveCfg = Debug|Any CPU
		{29C2A7E6-D29F-4734-B1B4-C8DB857AB9F5}.Debug|Any CPU.Build.0 = Debug|Any CPU
		{29C2A7E6-D29F-4734-B1B4-C8DB857AB9F5}.Release|Any CPU.ActiveCfg = Release|Any CPU
		{29C2A7E6-D29F-4734-B1B4-C8DB857AB9F5}.Release|Any CPU.Build.0 = Release|Any CPU
		{03AD3937-E237-4C0E-88B2-D86B978CBAB2}.Debug|Any CPU.ActiveCfg = Debug|Any CPU
		{03AD3937-E237-4C0E-88B2-D86B978CBAB2}.Debug|Any CPU.Build.0 = Debug|Any CPU
		{03AD3937-E237-4C0E-88B2-D86B978CBAB2}.Release|Any CPU.ActiveCfg = Release|Any CPU
		{03AD3937-E237-4C0E-88B2-D86B978CBAB2}.Release|Any CPU.Build.0 = Release|Any CPU
		{2523FD90-07E0-4B52-81EF-211288CF07EF}.Debug|Any CPU.ActiveCfg = Debug|Any CPU
		{2523FD90-07E0-4B52-81EF-211288CF07EF}.Debug|Any CPU.Build.0 = Debug|Any CPU
		{2523FD90-07E0-4B52-81EF-211288CF07EF}.Release|Any CPU.ActiveCfg = Release|Any CPU
		{2523FD90-07E0-4B52-81EF-211288CF07EF}.Release|Any CPU.Build.0 = Release|Any CPU
		{C50ED6F1-EA52-4546-B761-A95143757221}.Debug|Any CPU.ActiveCfg = Debug|Any CPU
		{C50ED6F1-EA52-4546-B761-A95143757221}.Debug|Any CPU.Build.0 = Debug|Any CPU
		{C50ED6F1-EA52-4546-B761-A95143757221}.Release|Any CPU.ActiveCfg = Release|Any CPU
		{C50ED6F1-EA52-4546-B761-A95143757221}.Release|Any CPU.Build.0 = Release|Any CPU
		{ABC8D10E-ED82-41C0-B560-603CC9DC5AF6}.Debug|Any CPU.ActiveCfg = Debug|Any CPU
		{ABC8D10E-ED82-41C0-B560-603CC9DC5AF6}.Debug|Any CPU.Build.0 = Debug|Any CPU
		{ABC8D10E-ED82-41C0-B560-603CC9DC5AF6}.Release|Any CPU.ActiveCfg = Release|Any CPU
		{ABC8D10E-ED82-41C0-B560-603CC9DC5AF6}.Release|Any CPU.Build.0 = Release|Any CPU
		{53C612BD-B7C0-45CC-80C7-44E08C0949F0}.Debug|Any CPU.ActiveCfg = Debug|Any CPU
		{53C612BD-B7C0-45CC-80C7-44E08C0949F0}.Debug|Any CPU.Build.0 = Debug|Any CPU
		{53C612BD-B7C0-45CC-80C7-44E08C0949F0}.Release|Any CPU.ActiveCfg = Release|Any CPU
		{53C612BD-B7C0-45CC-80C7-44E08C0949F0}.Release|Any CPU.Build.0 = Release|Any CPU
		{308A319A-FE1A-414E-9368-87124B872170}.Debug|Any CPU.ActiveCfg = Debug|Any CPU
		{308A319A-FE1A-414E-9368-87124B872170}.Debug|Any CPU.Build.0 = Debug|Any CPU
		{308A319A-FE1A-414E-9368-87124B872170}.Release|Any CPU.ActiveCfg = Release|Any CPU
		{308A319A-FE1A-414E-9368-87124B872170}.Release|Any CPU.Build.0 = Release|Any CPU
		{B7831202-E7F7-4B53-856C-9A8E60B1DD9E}.Debug|Any CPU.ActiveCfg = Debug|Any CPU
		{B7831202-E7F7-4B53-856C-9A8E60B1DD9E}.Debug|Any CPU.Build.0 = Debug|Any CPU
		{B7831202-E7F7-4B53-856C-9A8E60B1DD9E}.Release|Any CPU.ActiveCfg = Release|Any CPU
		{B7831202-E7F7-4B53-856C-9A8E60B1DD9E}.Release|Any CPU.Build.0 = Release|Any CPU
		{B2F3E3E8-AC66-4C81-B264-65BE48F49D58}.Debug|Any CPU.ActiveCfg = Debug|Any CPU
		{B2F3E3E8-AC66-4C81-B264-65BE48F49D58}.Debug|Any CPU.Build.0 = Debug|Any CPU
		{B2F3E3E8-AC66-4C81-B264-65BE48F49D58}.Release|Any CPU.ActiveCfg = Release|Any CPU
		{B2F3E3E8-AC66-4C81-B264-65BE48F49D58}.Release|Any CPU.Build.0 = Release|Any CPU
	EndGlobalSection
	GlobalSection(SolutionProperties) = preSolution
		HideSolutionNode = FALSE
	EndGlobalSection
	GlobalSection(NestedProjects) = preSolution
		{29C2A7E6-D29F-4734-B1B4-C8DB857AB9F5} = {6C2B3CC8-2BCF-42AB-80FC-3397AFFA5C25}
		{03AD3937-E237-4C0E-88B2-D86B978CBAB2} = {6C2B3CC8-2BCF-42AB-80FC-3397AFFA5C25}
		{2523FD90-07E0-4B52-81EF-211288CF07EF} = {8E8A4AC7-070E-44CE-BCD0-05C35E638355}
		{C50ED6F1-EA52-4546-B761-A95143757221} = {8E8A4AC7-070E-44CE-BCD0-05C35E638355}
		{ABC8D10E-ED82-41C0-B560-603CC9DC5AF6} = {8E8A4AC7-070E-44CE-BCD0-05C35E638355}
	EndGlobalSection
	GlobalSection(ExtensibilityGlobals) = postSolution
		SolutionGuid = {82786BF7-6CB7-42FC-B319-C5FAF0FF92A8}
	EndGlobalSection
EndGlobal
